<?xml version="1.0" encoding="utf-8"?>
<Project ToolsVersion="4.0" xmlns="http://schemas.microsoft.com/developer/msbuild/2003">
  <ItemGroup>
    <Filter Include="Source Files">
      <UniqueIdentifier>{4FC737F1-C7A5-4376-A066-2A32D752A2FF}</UniqueIdentifier>
      <Extensions>cpp;c;cc;cxx;def;odl;idl;hpj;bat;asm;asmx</Extensions>
    </Filter>
    <Filter Include="Shaders">
      <UniqueIdentifier>{abe94149-7e00-4aff-a308-522dac36daf2}</UniqueIdentifier>
    </Filter>
    <Filter Include="Source Files\Networking">
      <UniqueIdentifier>{58128e1b-5eae-4632-8248-54b5d7ec5ae6}</UniqueIdentifier>
    </Filter>
    <Filter Include="Source Files\GameFiles">
      <UniqueIdentifier>{166e1bb3-40ea-4e57-bd15-1a033e0134ef}</UniqueIdentifier>
    </Filter>
    <Filter Include="Source Files\Data">
      <UniqueIdentifier>{e953e148-7f63-47fc-b18d-5b44af232fb7}</UniqueIdentifier>
    </Filter>
    <Filter Include="Source Files\Loaders">
      <UniqueIdentifier>{a2ce6be4-7328-4ec6-b029-c19256566f26}</UniqueIdentifier>
    </Filter>
    <Filter Include="Source Files\util">
      <UniqueIdentifier>{68ac0310-bd9a-4438-a9f5-e33263279c50}</UniqueIdentifier>
    </Filter>
  </ItemGroup>
  <ItemGroup>
    <ClCompile Include="connectionManager.cpp">
      <Filter>Source Files\Networking</Filter>
    </ClCompile>
    <ClCompile Include="Connection.cpp">
      <Filter>Source Files\Networking</Filter>
    </ClCompile>
    <ClCompile Include="GameObject.cpp">
      <Filter>Source Files\GameFiles</Filter>
    </ClCompile>
    <ClCompile Include="Model.cpp">
      <Filter>Source Files\Data</Filter>
    </ClCompile>
    <ClCompile Include="ModelLoader.cpp">
      <Filter>Source Files\Loaders</Filter>
    </ClCompile>
    <ClCompile Include="sGameObject.cpp">
      <Filter>Source Files\GameFiles</Filter>
    </ClCompile>
    <ClCompile Include="main.cpp">
      <Filter>Source Files\util</Filter>
    </ClCompile>
    <ClCompile Include="Propertie.cpp">
      <Filter>Source Files\util</Filter>
    </ClCompile>
    <ClCompile Include="glad.c">
      <Filter>Source Files\util</Filter>
    </ClCompile>
    <ClCompile Include="Shader.cpp">
      <Filter>Source Files\Data</Filter>
    </ClCompile>
    <ClCompile Include="Mesh.cpp">
      <Filter>Source Files\Data</Filter>
    </ClCompile>
    <ClCompile Include="Vertex.cpp">
      <Filter>Source Files\Data</Filter>
    </ClCompile>
    <ClCompile Include="Material.cpp">
      <Filter>Source Files\Data</Filter>
    </ClCompile>
  </ItemGroup>
  <ItemGroup>
    <ClInclude Include="Model.h">
      <Filter>Source Files\Data</Filter>
    </ClInclude>
    <ClInclude Include="Connection.h">
      <Filter>Source Files\Networking</Filter>
    </ClInclude>
    <ClInclude Include="connectionManager.h">
      <Filter>Source Files\Networking</Filter>
    </ClInclude>
    <ClInclude Include="GameObject.h">
      <Filter>Source Files\GameFiles</Filter>
    </ClInclude>
    <ClInclude Include="sGameObject.h">
      <Filter>Source Files\GameFiles</Filter>
    </ClInclude>
    <ClInclude Include="Propertie.h">
      <Filter>Source Files\GameFiles</Filter>
    </ClInclude>
    <ClInclude Include="Shader.h">
      <Filter>Source Files\Data</Filter>
    </ClInclude>
    <ClInclude Include="ModelLoader.h">
      <Filter>Source Files\Loaders</Filter>
    </ClInclude>
    <ClInclude Include="OBJ_Loader.h">
      <Filter>Source Files\Loaders</Filter>
    </ClInclude>
    <ClInclude Include="Mesh.h">
      <Filter>Source Files\Data</Filter>
    </ClInclude>
    <ClInclude Include="Vertex.h">
      <Filter>Source Files\Data</Filter>
    </ClInclude>
    <ClInclude Include="Material.h">
      <Filter>Source Files\Data</Filter>
    </ClInclude>
  </ItemGroup>
  <ItemGroup>
    <None Include="Simple.vert">
      <Filter>Shaders</Filter>
    </None>
    <None Include="Simple.frag">
      <Filter>Shaders</Filter>
    </None>
    <None Include="ClassDiagram.cd" />
  </ItemGroup>
</Project>