<?xml version="1.0" encoding="utf-8"?>
<Project ToolsVersion="4.0" xmlns="http://schemas.microsoft.com/developer/msbuild/2003">
  <ItemGroup>
    <Filter Include="Source Files">
      <UniqueIdentifier>{4FC737F1-C7A5-4376-A066-2A32D752A2FF}</UniqueIdentifier>
      <Extensions>cpp;c;cc;cxx;c++;def;odl;idl;hpj;bat;asm;asmx</Extensions>
    </Filter>
    <Filter Include="Header Files">
      <UniqueIdentifier>{93995380-89BD-4b04-88EB-625FBE52EBFB}</UniqueIdentifier>
      <Extensions>h;hh;hpp;hxx;h++;hm;inl;inc;ipp;xsd</Extensions>
    </Filter>
    <Filter Include="Resource Files">
      <UniqueIdentifier>{67DA6AB6-F800-4c08-8B7A-83BB121AAD01}</UniqueIdentifier>
      <Extensions>rc;ico;cur;bmp;dlg;rc2;rct;bin;rgs;gif;jpg;jpeg;jpe;resx;tiff;tif;png;wav;mfcribbon-ms</Extensions>
    </Filter>
    <Filter Include="Source Files\Data">
      <UniqueIdentifier>{5efdc536-1206-4636-ac92-e6ad8b99272f}</UniqueIdentifier>
    </Filter>
    <Filter Include="Source Files\Data\Components">
      <UniqueIdentifier>{ef042e36-bc16-46f4-aee6-a8a429150028}</UniqueIdentifier>
    </Filter>
    <Filter Include="Source Files\Data\Entities">
      <UniqueIdentifier>{c041c816-ba7c-4a5c-bf8a-15d83b5dc7dc}</UniqueIdentifier>
    </Filter>
    <Filter Include="Source Files\Data\Loaders">
      <UniqueIdentifier>{a6b3144b-7c59-4618-97c4-c074c94f53e7}</UniqueIdentifier>
    </Filter>
  </ItemGroup>
  <ItemGroup>
    <ClCompile Include="pch.cpp">
      <Filter>Source Files</Filter>
    </ClCompile>
    <ClCompile Include="ComponentTest.cpp">
      <Filter>Source Files\Data\Components</Filter>
    </ClCompile>
    <ClCompile Include="EntityTest.cpp">
      <Filter>Source Files\Data\Entities</Filter>
    </ClCompile>
    <ClCompile Include="TransformTest.cpp">
      <Filter>Source Files\Data\Components</Filter>
    </ClCompile>
    <ClCompile Include="ModelLoaderTest.cpp">
      <Filter>Source Files\Data\Loaders</Filter>
    </ClCompile>
  </ItemGroup>
  <ItemGroup>
    <ClInclude Include="pch.h">
      <Filter>Header Files</Filter>
    </ClInclude>
  </ItemGroup>
</Project>